{
  "name": "ganjil-genap-ts",
  "version": "1.0.0",
  "lockfileVersion": 2,
  "requires": true,
  "packages": {
    "": {
      "name": "ganjil-genap-ts",
      "version": "1.0.0",
      "license": "MIT",
      "dependencies": {
        "is-even-odd-ts": "^1.0.4"
      }
    },
    "node_modules/is-even-odd-ts": {
      "version": "1.0.4",
      "resolved": "https://registry.npmjs.org/is-even-odd-ts/-/is-even-odd-ts-1.0.4.tgz",
      "integrity": "sha512-b8wXNokevwjvzajsw8S99vkHeapy5lr6c4ovuVmk2SKoSsmctWJz2XpPvc/9QETqC4pzjrIOAHBR+921bYD7vQ=="
    }
  },
  "dependencies": {
    "is-even-odd-ts": {
      "version": "1.0.4",
      "resolved": "https://registry.npmjs.org/is-even-odd-ts/-/is-even-odd-ts-1.0.4.tgz",
      "integrity": "sha512-b8wXNokevwjvzajsw8S99vkHeapy5lr6c4ovuVmk2SKoSsmctWJz2XpPvc/9QETqC4pzjrIOAHBR+921bYD7vQ=="
    }
  }
}
