{
  "name": "ganjil-genap-ts",
  "version": "1.0.0",
  "lockfileVersion": 2,
  "requires": true,
  "packages": {
    "": {
      "name": "ganjil-genap-ts",
      "version": "1.0.0",
      "license": "MIT",
      "dependencies": {
        "is-even-odd-ts": "^1.0.4",
        "is-not-odd-even-ts": "^0.7.0"
      },
      "devDependencies": {
        "typescript": "^4.8.4"
      }
    },
    "node_modules/is-even-odd-ts": {
      "version": "1.0.4",
      "resolved": "https://registry.npmjs.org/is-even-odd-ts/-/is-even-odd-ts-1.0.4.tgz",
      "integrity": "sha512-b8wXNokevwjvzajsw8S99vkHeapy5lr6c4ovuVmk2SKoSsmctWJz2XpPvc/9QETqC4pzjrIOAHBR+921bYD7vQ=="
    },
    "node_modules/is-not-odd-even-ts": {
      "version": "0.7.0",
      "resolved": "https://registry.npmjs.org/is-not-odd-even-ts/-/is-not-odd-even-ts-0.7.0.tgz",
      "integrity": "sha512-ruPB5KNvoHbEK/zuK2y8hAnCNpBrR77nklIZ8lhZLxDbTMuUrGmIxZrrc1cawRF34zTFBOYXRhj2Othzy+PsnA==",
      "dependencies": {
        "is-even-odd-ts": "^1.0.4"
      }
    },
    "node_modules/typescript": {
      "version": "4.8.4",
      "resolved": "https://registry.npmjs.org/typescript/-/typescript-4.8.4.tgz",
      "integrity": "sha512-QCh+85mCy+h0IGff8r5XWzOVSbBO+KfeYrMQh7NJ58QujwcE22u+NUSmUxqF+un70P9GXKxa2HCNiTTMJknyjQ==",
      "dev": true,
      "bin": {
        "tsc": "bin/tsc",
        "tsserver": "bin/tsserver"
      },
      "engines": {
        "node": ">=4.2.0"
      }
    }
  },
  "dependencies": {
    "is-even-odd-ts": {
      "version": "1.0.4",
      "resolved": "https://registry.npmjs.org/is-even-odd-ts/-/is-even-odd-ts-1.0.4.tgz",
      "integrity": "sha512-b8wXNokevwjvzajsw8S99vkHeapy5lr6c4ovuVmk2SKoSsmctWJz2XpPvc/9QETqC4pzjrIOAHBR+921bYD7vQ=="
    },
    "is-not-odd-even-ts": {
      "version": "0.7.0",
      "resolved": "https://registry.npmjs.org/is-not-odd-even-ts/-/is-not-odd-even-ts-0.7.0.tgz",
      "integrity": "sha512-ruPB5KNvoHbEK/zuK2y8hAnCNpBrR77nklIZ8lhZLxDbTMuUrGmIxZrrc1cawRF34zTFBOYXRhj2Othzy+PsnA==",
      "requires": {
        "is-even-odd-ts": "^1.0.4"
      }
    },
    "typescript": {
      "version": "4.8.4",
      "resolved": "https://registry.npmjs.org/typescript/-/typescript-4.8.4.tgz",
      "integrity": "sha512-QCh+85mCy+h0IGff8r5XWzOVSbBO+KfeYrMQh7NJ58QujwcE22u+NUSmUxqF+un70P9GXKxa2HCNiTTMJknyjQ==",
      "dev": true
    }
  }
}
